// !$*UTF8*$!
{
	archiveVersion = 1;
	classes = {
	};
	objectVersion = 77;
	objects = {

/* Begin PBXBuildFile section */
		01366695FA4E6D99C48468FD /* v3-tags.store in Resources */ = {isa = PBXBuildFile; fileRef = DFB27BF971D066215A4D3D4D /* v3-tags.store */; };
		6AEDFB43447E3C301D185250 /* v1-original.store in Resources */ = {isa = PBXBuildFile; fileRef = EB52D3C04F7119093DB6E068 /* v1-original.store */; };
		82FF647D878C1943F0118A5C /* v4-publishing.store in Resources */ = {isa = PBXBuildFile; fileRef = B1CE23DA7CB9D85823910309 /* v4-publishing.store */; };
		D7DBDA62C6FCDAAE88CA620E /* v2-narrative.store in Resources */ = {isa = PBXBuildFile; fileRef = 7F0635BF92C8BE8EE5230B9B /* v2-narrative.store */; };
/* End PBXBuildFile section */

/* Begin PBXContainerItemProxy section */
		42AD2BBA463AB3BCCD93FEDB /* PBXContainerItemProxy */ = {
			isa = PBXContainerItemProxy;
			containerPortal = 5ADC3CCCE84D6C10A8869EC3 /* Project object */;
			proxyType = 1;
			remoteGlobalIDString = C33E2849B0F3A6879994F891;
			remoteInfo = Journey;
		};
		D25B3B63DAEF7EED7CAF6A26 /* PBXContainerItemProxy */ = {
			isa = PBXContainerItemProxy;
			containerPortal = 5ADC3CCCE84D6C10A8869EC3 /* Project object */;
			proxyType = 1;
			remoteGlobalIDString = C33E2849B0F3A6879994F891;
			remoteInfo = Journey;
		};
/* End PBXContainerItemProxy section */

/* Begin PBXFileReference section */
		6592B1892C3AEAB775536B44 /* JourneyTests.xctest */ = {isa = PBXFileReference; includeInIndex = 0; lastKnownFileType = wrapper.cfbundle; path = JourneyTests.xctest; sourceTree = BUILT_PRODUCTS_DIR; };
		7F0635BF92C8BE8EE5230B9B /* v2-narrative.store */ = {isa = PBXFileReference; path = "v2-narrative.store"; sourceTree = "<group>"; };
		B1CE23DA7CB9D85823910309 /* v4-publishing.store */ = {isa = PBXFileReference; path = "v4-publishing.store"; sourceTree = "<group>"; };
		B1FA874A98331E89411DE0DC /* Journey.app */ = {isa = PBXFileReference; includeInIndex = 0; lastKnownFileType = wrapper.application; path = Journey.app; sourceTree = BUILT_PRODUCTS_DIR; };
		D94116565898DF8BFC4C143A /* JourneyUITests.xctest */ = {isa = PBXFileReference; includeInIndex = 0; lastKnownFileType = wrapper.cfbundle; path = JourneyUITests.xctest; sourceTree = BUILT_PRODUCTS_DIR; };
		DFB27BF971D066215A4D3D4D /* v3-tags.store */ = {isa = PBXFileReference; path = "v3-tags.store"; sourceTree = "<group>"; };
		EB52D3C04F7119093DB6E068 /* v1-original.store */ = {isa = PBXFileReference; path = "v1-original.store"; sourceTree = "<group>"; };
/* End PBXFileReference section */

/* Begin PBXFileSystemSynchronizedBuildFileExceptionSet section */
		D254BEF9D7E539B36F340B1F /* PBXFileSystemSynchronizedBuildFileExceptionSet */ = {
			isa = PBXFileSystemSynchronizedBuildFileExceptionSet;
			membershipExceptions = (
				Fixtures/README.md,
				"Fixtures/v1-original.store",
				"Fixtures/v2-narrative.store",
				"Fixtures/v3-tags.store",
				"Fixtures/v4-publishing.store",
			);
			target = 12FFE9F0CA46BC6323D92356 /* JourneyTests */;
		};
/* End PBXFileSystemSynchronizedBuildFileExceptionSet section */

/* Begin PBXFileSystemSynchronizedRootGroup section */
		1C13D53F51D5AC5126011FD2 /* Journey */ = {
			isa = PBXFileSystemSynchronizedRootGroup;
			explicitFileTypes = {
			};
			explicitFolders = (
			);
			path = Journey;
			sourceTree = "<group>";
		};
		2AC82A5CFCE2C4563E4CFBAA /* JourneyTests */ = {
			isa = PBXFileSystemSynchronizedRootGroup;
			exceptions = (
				D254BEF9D7E539B36F340B1F /* PBXFileSystemSynchronizedBuildFileExceptionSet */,
			);
			explicitFileTypes = {
			};
			explicitFolders = (
			);
			path = JourneyTests;
			sourceTree = "<group>";
		};
		9B5C796A6E8ED20C2B83D487 /* JourneyUITests */ = {
			isa = PBXFileSystemSynchronizedRootGroup;
			explicitFileTypes = {
			};
			explicitFolders = (
			);
			path = JourneyUITests;
			sourceTree = "<group>";
		};
/* End PBXFileSystemSynchronizedRootGroup section */

/* Begin PBXGroup section */
		32AD02A691CA75D861EFA95C = {
			isa = PBXGroup;
			children = (
				1C13D53F51D5AC5126011FD2 /* Journey */,
				2AC82A5CFCE2C4563E4CFBAA /* JourneyTests */,
				60FC818B7BC5C402FAE4A111 /* JourneyTests */,
				9B5C796A6E8ED20C2B83D487 /* JourneyUITests */,
				C7DF22EEE90DD17C219C3A5D /* Products */,
			);
			sourceTree = "<group>";
		};
		60FC818B7BC5C402FAE4A111 /* JourneyTests */ = {
			isa = PBXGroup;
			children = (
				6ADE48397084AA98206695B3 /* Fixtures */,
			);
			path = JourneyTests;
			sourceTree = "<group>";
		};
		6ADE48397084AA98206695B3 /* Fixtures */ = {
			isa = PBXGroup;
			children = (
				EB52D3C04F7119093DB6E068 /* v1-original.store */,
				7F0635BF92C8BE8EE5230B9B /* v2-narrative.store */,
				DFB27BF971D066215A4D3D4D /* v3-tags.store */,
				B1CE23DA7CB9D85823910309 /* v4-publishing.store */,
			);
			path = Fixtures;
			sourceTree = "<group>";
		};
		C7DF22EEE90DD17C219C3A5D /* Products */ = {
			isa = PBXGroup;
			children = (
				B1FA874A98331E89411DE0DC /* Journey.app */,
				6592B1892C3AEAB775536B44 /* JourneyTests.xctest */,
				D94116565898DF8BFC4C143A /* JourneyUITests.xctest */,
			);
			name = Products;
			sourceTree = "<group>";
		};
/* End PBXGroup section */

/* Begin PBXNativeTarget section */
		07FF77CDE30433987BDB6236 /* JourneyUITests */ = {
			isa = PBXNativeTarget;
			buildConfigurationList = 2EF6616C76000815D46750EA /* Build configuration list for PBXNativeTarget "JourneyUITests" */;
			buildPhases = (
				42B59DE44A1F5F2C70050DAA /* Sources */,
				8EC1F2C819DD5F364EDDED67 /* Resources */,
			);
			buildRules = (
			);
			dependencies = (
				1C2F98E38586A23B7135C760 /* PBXTargetDependency */,
			);
			fileSystemSynchronizedGroups = (
				9B5C796A6E8ED20C2B83D487 /* JourneyUITests */,
			);
			name = JourneyUITests;
			packageProductDependencies = (
			);
			productName = JourneyUITests;
			productReference = D94116565898DF8BFC4C143A /* JourneyUITests.xctest */;
			productType = "com.apple.product-type.bundle.ui-testing";
		};
		12FFE9F0CA46BC6323D92356 /* JourneyTests */ = {
			isa = PBXNativeTarget;
			buildConfigurationList = 1E960E132F09094A5118C7C4 /* Build configuration list for PBXNativeTarget "JourneyTests" */;
			buildPhases = (
				AABD8F94FD0858A051565B8A /* Sources */,
				41ECB706F4A4EFFDE86A013C /* Resources */,
			);
			buildRules = (
			);
			dependencies = (
				F5D10F1BBD6231D83F37F326 /* PBXTargetDependency */,
			);
			fileSystemSynchronizedGroups = (
				2AC82A5CFCE2C4563E4CFBAA /* JourneyTests */,
			);
			name = JourneyTests;
			packageProductDependencies = (
			);
			productName = JourneyTests;
			productReference = 6592B1892C3AEAB775536B44 /* JourneyTests.xctest */;
			productType = "com.apple.product-type.bundle.unit-test";
		};
		C33E2849B0F3A6879994F891 /* Journey */ = {
			isa = PBXNativeTarget;
			buildConfigurationList = 67D7344B6AC117B9FEE6AD2A /* Build configuration list for PBXNativeTarget "Journey" */;
			buildPhases = (
				4E8A5286F12BAAAA2C3F77B6 /* Sources */,
				82A92DBF91BBCBB0A462ACA6 /* Resources */,
			);
			buildRules = (
			);
			dependencies = (
			);
			fileSystemSynchronizedGroups = (
				1C13D53F51D5AC5126011FD2 /* Journey */,
			);
			name = Journey;
			packageProductDependencies = (
			);
			productName = Journey;
			productReference = B1FA874A98331E89411DE0DC /* Journey.app */;
			productType = "com.apple.product-type.application";
		};
/* End PBXNativeTarget section */

/* Begin PBXProject section */
		5ADC3CCCE84D6C10A8869EC3 /* Project object */ = {
			isa = PBXProject;
			attributes = {
				BuildIndependentTargetsInParallel = YES;
				LastUpgradeCheck = 2620;
				TargetAttributes = {
					07FF77CDE30433987BDB6236 = {
						DevelopmentTeam = 7DZ8FR94Q3;
						ProvisioningStyle = Automatic;
						TestTargetID = C33E2849B0F3A6879994F891;
					};
					12FFE9F0CA46BC6323D92356 = {
						DevelopmentTeam = 7DZ8FR94Q3;
						ProvisioningStyle = Automatic;
					};
					C33E2849B0F3A6879994F891 = {
						DevelopmentTeam = 7DZ8FR94Q3;
						ProvisioningStyle = Automatic;
					};
				};
			};
			buildConfigurationList = D9B9125B810E03CCCB016D0A /* Build configuration list for PBXProject "Journey" */;
			developmentRegion = en;
			hasScannedForEncodings = 0;
			knownRegions = (
				Base,
				en,
			);
			mainGroup = 32AD02A691CA75D861EFA95C;
			minimizedProjectReferenceProxies = 1;
			preferredProjectObjectVersion = 77;
			productRefGroup = C7DF22EEE90DD17C219C3A5D /* Products */;
			projectDirPath = "";
			projectRoot = "";
			targets = (
				C33E2849B0F3A6879994F891 /* Journey */,
				07FF77CDE30433987BDB6236 /* JourneyUITests */,
				12FFE9F0CA46BC6323D92356 /* JourneyTests */,
			);
		};
/* End PBXProject section */

/* Begin PBXResourcesBuildPhase section */
		41ECB706F4A4EFFDE86A013C /* Resources */ = {
			isa = PBXResourcesBuildPhase;
			buildActionMask = 2147483647;
			files = (
				6AEDFB43447E3C301D185250 /* v1-original.store in Resources */,
				D7DBDA62C6FCDAAE88CA620E /* v2-narrative.store in Resources */,
				01366695FA4E6D99C48468FD /* v3-tags.store in Resources */,
				82FF647D878C1943F0118A5C /* v4-publishing.store in Resources */,
			);
			runOnlyForDeploymentPostprocessing = 0;
		};
		82A92DBF91BBCBB0A462ACA6 /* Resources */ = {
			isa = PBXResourcesBuildPhase;
			buildActionMask = 2147483647;
			files = (
			);
			runOnlyForDeploymentPostprocessing = 0;
		};
		8EC1F2C819DD5F364EDDED67 /* Resources */ = {
			isa = PBXResourcesBuildPhase;
			buildActionMask = 2147483647;
			files = (
			);
			runOnlyForDeploymentPostprocessing = 0;
		};
/* End PBXResourcesBuildPhase section */

/* Begin PBXSourcesBuildPhase section */
		42B59DE44A1F5F2C70050DAA /* Sources */ = {
			isa = PBXSourcesBuildPhase;
			buildActionMask = 2147483647;
			files = (
			);
			runOnlyForDeploymentPostprocessing = 0;
		};
		4E8A5286F12BAAAA2C3F77B6 /* Sources */ = {
			isa = PBXSourcesBuildPhase;
			buildActionMask = 2147483647;
			files = (
			);
			runOnlyForDeploymentPostprocessing = 0;
		};
		AABD8F94FD0858A051565B8A /* Sources */ = {
			isa = PBXSourcesBuildPhase;
			buildActionMask = 2147483647;
			files = (
			);
			runOnlyForDeploymentPostprocessing = 0;
		};
/* End PBXSourcesBuildPhase section */

/* Begin PBXTargetDependency section */
		1C2F98E38586A23B7135C760 /* PBXTargetDependency */ = {
			isa = PBXTargetDependency;
			target = C33E2849B0F3A6879994F891 /* Journey */;
			targetProxy = D25B3B63DAEF7EED7CAF6A26 /* PBXContainerItemProxy */;
		};
		F5D10F1BBD6231D83F37F326 /* PBXTargetDependency */ = {
			isa = PBXTargetDependency;
			target = C33E2849B0F3A6879994F891 /* Journey */;
			targetProxy = 42AD2BBA463AB3BCCD93FEDB /* PBXContainerItemProxy */;
		};
/* End PBXTargetDependency section */

/* Begin XCBuildConfiguration section */
		242183587C69A2412E14430F /* Release */ = {
			isa = XCBuildConfiguration;
			buildSettings = {
				BUNDLE_LOADER = "$(TEST_HOST)";
				GENERATE_INFOPLIST_FILE = YES;
				LD_RUNPATH_SEARCH_PATHS = (
					"$(inherited)",
					"@executable_path/Frameworks",
					"@loader_path/Frameworks",
				);
				PRODUCT_BUNDLE_IDENTIFIER = com.carlopascoli.journey.tests;
				SDKROOT = iphoneos;
				TARGETED_DEVICE_FAMILY = 1;
				TEST_HOST = "$(BUILT_PRODUCTS_DIR)/Journey.app/Journey";
			};
			name = Release;
		};
		3732C084301ED685C7ABBCF8 /* Release */ = {
			isa = XCBuildConfiguration;
			buildSettings = {
				ASSETCATALOG_COMPILER_APPICON_NAME = AppIcon;
				ASSETCATALOG_COMPILER_GLOBAL_ACCENT_COLOR_NAME = AccentColor;
				CODE_SIGN_IDENTITY = "iPhone Developer";
				ENABLE_PREVIEWS = YES;
				GENERATE_INFOPLIST_FILE = YES;
				INFOPLIST_KEY_CFBundleDisplayName = Journey;
				INFOPLIST_KEY_NSLocationAlwaysAndWhenInUseUsageDescription = "Journey records the places you visit in the background so your days can be journaled automatically.";
				INFOPLIST_KEY_NSLocationWhenInUseUsageDescription = "Journey records the places you visit so they can be added to your journal.";
				INFOPLIST_KEY_NSMicrophoneUsageDescription = "Journey uses the microphone so you can dictate journal entries.";
				INFOPLIST_KEY_NSPhotoLibraryUsageDescription = "Journey shows the photos and videos you took at each place you visited.";
				INFOPLIST_KEY_NSSpeechRecognitionUsageDescription = "Journey transcribes your dictated journal entries.";
				INFOPLIST_KEY_UIApplicationSceneManifest_Generation = YES;
				INFOPLIST_KEY_UIApplicationSupportsIndirectInputEvents = YES;
				INFOPLIST_KEY_UILaunchScreen_Generation = YES;
				INFOPLIST_KEY_UISupportedInterfaceOrientations = UIInterfaceOrientationPortrait;
				LD_RUNPATH_SEARCH_PATHS = (
					"$(inherited)",
					"@executable_path/Frameworks",
				);
				PRODUCT_BUNDLE_IDENTIFIER = com.carlopascoli.journey;
				SDKROOT = iphoneos;
				STRING_CATALOG_GENERATE_SYMBOLS = YES;
				SWIFT_APPROACHABLE_CONCURRENCY = YES;
				SWIFT_DEFAULT_ACTOR_ISOLATION = MainActor;
				SWIFT_EMIT_LOC_STRINGS = YES;
				SWIFT_UPCOMING_FEATURE_MEMBER_IMPORT_VISIBILITY = YES;
				TARGETED_DEVICE_FAMILY = 1;
			};
			name = Release;
		};
		5F44DAFE7B69A8E8B4E22E29 /* Debug */ = {
			isa = XCBuildConfiguration;
			buildSettings = {
				BUNDLE_LOADER = "$(TEST_HOST)";
				GENERATE_INFOPLIST_FILE = YES;
				LD_RUNPATH_SEARCH_PATHS = (
					"$(inherited)",
					"@executable_path/Frameworks",
					"@loader_path/Frameworks",
				);
				PRODUCT_BUNDLE_IDENTIFIER = com.carlopascoli.journey.uitests;
				SDKROOT = iphoneos;
				TARGETED_DEVICE_FAMILY = 1;
				TEST_TARGET_NAME = Journey;
			};
			name = Debug;
		};
		6988960D6A3A7054057DE78C /* Debug */ = {
			isa = XCBuildConfiguration;
			buildSettings = {
				ALWAYS_SEARCH_USER_PATHS = NO;
				CLANG_ANALYZER_NONNULL = YES;
				CLANG_ANALYZER_NUMBER_OBJECT_CONVERSION = YES_AGGRESSIVE;
				CLANG_CXX_LANGUAGE_STANDARD = "gnu++14";
				CLANG_CXX_LIBRARY = "libc++";
				CLANG_ENABLE_MODULES = YES;
				CLANG_ENABLE_OBJC_ARC = YES;
				CLANG_ENABLE_OBJC_WEAK = YES;
				CLANG_WARN_BLOCK_CAPTURE_AUTORELEASING = YES;
				CLANG_WARN_BOOL_CONVERSION = YES;
				CLANG_WARN_COMMA = YES;
				CLANG_WARN_CONSTANT_CONVERSION = YES;
				CLANG_WARN_DEPRECATED_OBJC_IMPLEMENTATIONS = YES;
				CLANG_WARN_DIRECT_OBJC_ISA_USAGE = YES_ERROR;
				CLANG_WARN_DOCUMENTATION_COMMENTS = YES;
				CLANG_WARN_EMPTY_BODY = YES;
				CLANG_WARN_ENUM_CONVERSION = YES;
				CLANG_WARN_INFINITE_RECURSION = YES;
				CLANG_WARN_INT_CONVERSION = YES;
				CLANG_WARN_NON_LITERAL_NULL_CONVERSION = YES;
				CLANG_WARN_OBJC_IMPLICIT_RETAIN_SELF = YES;
				CLANG_WARN_OBJC_LITERAL_CONVERSION = YES;
				CLANG_WARN_OBJC_ROOT_CLASS = YES_ERROR;
				CLANG_WARN_QUOTED_INCLUDE_IN_FRAMEWORK_HEADER = YES;
				CLANG_WARN_RANGE_LOOP_ANALYSIS = YES;
				CLANG_WARN_STRICT_PROTOTYPES = YES;
				CLANG_WARN_SUSPICIOUS_MOVE = YES;
				CLANG_WARN_UNGUARDED_AVAILABILITY = YES_AGGRESSIVE;
				CLANG_WARN_UNREACHABLE_CODE = YES;
				CLANG_WARN__DUPLICATE_METHOD_MATCH = YES;
				CODE_SIGN_STYLE = Automatic;
				COPY_PHASE_STRIP = NO;
				CURRENT_PROJECT_VERSION = 1;
				DEBUG_INFORMATION_FORMAT = dwarf;
				DEVELOPMENT_TEAM = 7DZ8FR94Q3;
				ENABLE_STRICT_OBJC_MSGSEND = YES;
				ENABLE_TESTABILITY = YES;
				ENABLE_USER_SCRIPT_SANDBOXING = YES;
				GCC_C_LANGUAGE_STANDARD = gnu11;
				GCC_DYNAMIC_NO_PIC = NO;
				GCC_NO_COMMON_BLOCKS = YES;
				GCC_OPTIMIZATION_LEVEL = 0;
				GCC_PREPROCESSOR_DEFINITIONS = (
					"$(inherited)",
					"DEBUG=1",
				);
				GCC_WARN_64_TO_32_BIT_CONVERSION = YES;
				GCC_WARN_ABOUT_RETURN_TYPE = YES_ERROR;
				GCC_WARN_UNDECLARED_SELECTOR = YES;
				GCC_WARN_UNINITIALIZED_AUTOS = YES_AGGRESSIVE;
				GCC_WARN_UNUSED_FUNCTION = YES;
				GCC_WARN_UNUSED_VARIABLE = YES;
				IPHONEOS_DEPLOYMENT_TARGET = 26.0;
				LOCALIZATION_PREFERS_STRING_CATALOGS = YES;
				MARKETING_VERSION = 0.1;
				MTL_ENABLE_DEBUG_INFO = INCLUDE_SOURCE;
				MTL_FAST_MATH = YES;
				ONLY_ACTIVE_ARCH = YES;
				PRODUCT_NAME = "$(TARGET_NAME)";
				SDKROOT = iphoneos;
				SWIFT_ACTIVE_COMPILATION_CONDITIONS = DEBUG;
				SWIFT_OPTIMIZATION_LEVEL = "-Onone";
				SWIFT_VERSION = 5.0;
			};
			name = Debug;
		};
		717423B263E25B50D6DA6021 /* Debug */ = {
			isa = XCBuildConfiguration;
			buildSettings = {
				BUNDLE_LOADER = "$(TEST_HOST)";
				GENERATE_INFOPLIST_FILE = YES;
				LD_RUNPATH_SEARCH_PATHS = (
					"$(inherited)",
					"@executable_path/Frameworks",
					"@loader_path/Frameworks",
				);
				PRODUCT_BUNDLE_IDENTIFIER = com.carlopascoli.journey.tests;
				SDKROOT = iphoneos;
				TARGETED_DEVICE_FAMILY = 1;
				TEST_HOST = "$(BUILT_PRODUCTS_DIR)/Journey.app/Journey";
			};
			name = Debug;
		};
		B9E62FA1D6A9EA1312401A38 /* Release */ = {
			isa = XCBuildConfiguration;
			buildSettings = {
				ALWAYS_SEARCH_USER_PATHS = NO;
				CLANG_ANALYZER_NONNULL = YES;
				CLANG_ANALYZER_NUMBER_OBJECT_CONVERSION = YES_AGGRESSIVE;
				CLANG_CXX_LANGUAGE_STANDARD = "gnu++14";
				CLANG_CXX_LIBRARY = "libc++";
				CLANG_ENABLE_MODULES = YES;
				CLANG_ENABLE_OBJC_ARC = YES;
				CLANG_ENABLE_OBJC_WEAK = YES;
				CLANG_WARN_BLOCK_CAPTURE_AUTORELEASING = YES;
				CLANG_WARN_BOOL_CONVERSION = YES;
				CLANG_WARN_COMMA = YES;
				CLANG_WARN_CONSTANT_CONVERSION = YES;
				CLANG_WARN_DEPRECATED_OBJC_IMPLEMENTATIONS = YES;
				CLANG_WARN_DIRECT_OBJC_ISA_USAGE = YES_ERROR;
				CLANG_WARN_DOCUMENTATION_COMMENTS = YES;
				CLANG_WARN_EMPTY_BODY = YES;
				CLANG_WARN_ENUM_CONVERSION = YES;
				CLANG_WARN_INFINITE_RECURSION = YES;
				CLANG_WARN_INT_CONVERSION = YES;
				CLANG_WARN_NON_LITERAL_NULL_CONVERSION = YES;
				CLANG_WARN_OBJC_IMPLICIT_RETAIN_SELF = YES;
				CLANG_WARN_OBJC_LITERAL_CONVERSION = YES;
				CLANG_WARN_OBJC_ROOT_CLASS = YES_ERROR;
				CLANG_WARN_QUOTED_INCLUDE_IN_FRAMEWORK_HEADER = YES;
				CLANG_WARN_RANGE_LOOP_ANALYSIS = YES;
				CLANG_WARN_STRICT_PROTOTYPES = YES;
				CLANG_WARN_SUSPICIOUS_MOVE = YES;
				CLANG_WARN_UNGUARDED_AVAILABILITY = YES_AGGRESSIVE;
				CLANG_WARN_UNREACHABLE_CODE = YES;
				CLANG_WARN__DUPLICATE_METHOD_MATCH = YES;
				CODE_SIGN_STYLE = Automatic;
				COPY_PHASE_STRIP = NO;
				CURRENT_PROJECT_VERSION = 1;
				DEBUG_INFORMATION_FORMAT = "dwarf-with-dsym";
				DEVELOPMENT_TEAM = 7DZ8FR94Q3;
				ENABLE_NS_ASSERTIONS = NO;
				ENABLE_STRICT_OBJC_MSGSEND = YES;
				ENABLE_USER_SCRIPT_SANDBOXING = YES;
				GCC_C_LANGUAGE_STANDARD = gnu11;
				GCC_NO_COMMON_BLOCKS = YES;
				GCC_WARN_64_TO_32_BIT_CONVERSION = YES;
				GCC_WARN_ABOUT_RETURN_TYPE = YES_ERROR;
				GCC_WARN_UNDECLARED_SELECTOR = YES;
				GCC_WARN_UNINITIALIZED_AUTOS = YES_AGGRESSIVE;
				GCC_WARN_UNUSED_FUNCTION = YES;
				GCC_WARN_UNUSED_VARIABLE = YES;
				IPHONEOS_DEPLOYMENT_TARGET = 26.0;
				LOCALIZATION_PREFERS_STRING_CATALOGS = YES;
				MARKETING_VERSION = 0.1;
				MTL_ENABLE_DEBUG_INFO = NO;
				MTL_FAST_MATH = YES;
				PRODUCT_NAME = "$(TARGET_NAME)";
				SDKROOT = iphoneos;
				SWIFT_COMPILATION_MODE = wholemodule;
				SWIFT_OPTIMIZATION_LEVEL = "-O";
				SWIFT_VERSION = 5.0;
			};
			name = Release;
		};
		CE6402CD8D4CA2AC52560106 /* Debug */ = {
			isa = XCBuildConfiguration;
			buildSettings = {
				ASSETCATALOG_COMPILER_APPICON_NAME = AppIcon;
				ASSETCATALOG_COMPILER_GLOBAL_ACCENT_COLOR_NAME = AccentColor;
				CODE_SIGN_IDENTITY = "iPhone Developer";
				ENABLE_PREVIEWS = YES;
				GENERATE_INFOPLIST_FILE = YES;
				INFOPLIST_KEY_CFBundleDisplayName = Journey;
				INFOPLIST_KEY_NSLocationAlwaysAndWhenInUseUsageDescription = "Journey records the places you visit in the background so your days can be journaled automatically.";
				INFOPLIST_KEY_NSLocationWhenInUseUsageDescription = "Journey records the places you visit so they can be added to your journal.";
				INFOPLIST_KEY_NSMicrophoneUsageDescription = "Journey uses the microphone so you can dictate journal entries.";
				INFOPLIST_KEY_NSPhotoLibraryUsageDescription = "Journey shows the photos and videos you took at each place you visited.";
				INFOPLIST_KEY_NSSpeechRecognitionUsageDescription = "Journey transcribes your dictated journal entries.";
				INFOPLIST_KEY_UIApplicationSceneManifest_Generation = YES;
				INFOPLIST_KEY_UIApplicationSupportsIndirectInputEvents = YES;
				INFOPLIST_KEY_UILaunchScreen_Generation = YES;
				INFOPLIST_KEY_UISupportedInterfaceOrientations = UIInterfaceOrientationPortrait;
				LD_RUNPATH_SEARCH_PATHS = (
					"$(inherited)",
					"@executable_path/Frameworks",
				);
				PRODUCT_BUNDLE_IDENTIFIER = com.carlopascoli.journey;
				SDKROOT = iphoneos;
				STRING_CATALOG_GENERATE_SYMBOLS = YES;
				SWIFT_APPROACHABLE_CONCURRENCY = YES;
				SWIFT_DEFAULT_ACTOR_ISOLATION = MainActor;
				SWIFT_EMIT_LOC_STRINGS = YES;
				SWIFT_UPCOMING_FEATURE_MEMBER_IMPORT_VISIBILITY = YES;
				TARGETED_DEVICE_FAMILY = 1;
			};
			name = Debug;
		};
		ECF9A2E1AE138BCD21218ECE /* Release */ = {
			isa = XCBuildConfiguration;
			buildSettings = {
				BUNDLE_LOADER = "$(TEST_HOST)";
				GENERATE_INFOPLIST_FILE = YES;
				LD_RUNPATH_SEARCH_PATHS = (
					"$(inherited)",
					"@executable_path/Frameworks",
					"@loader_path/Frameworks",
				);
				PRODUCT_BUNDLE_IDENTIFIER = com.carlopascoli.journey.uitests;
				SDKROOT = iphoneos;
				TARGETED_DEVICE_FAMILY = 1;
				TEST_TARGET_NAME = Journey;
			};
			name = Release;
		};
/* End XCBuildConfiguration section */

/* Begin XCConfigurationList section */
		1E960E132F09094A5118C7C4 /* Build configuration list for PBXNativeTarget "JourneyTests" */ = {
			isa = XCConfigurationList;
			buildConfigurations = (
				717423B263E25B50D6DA6021 /* Debug */,
				242183587C69A2412E14430F /* Release */,
			);
			defaultConfigurationIsVisible = 0;
			defaultConfigurationName = Debug;
		};
		2EF6616C76000815D46750EA /* Build configuration list for PBXNativeTarget "JourneyUITests" */ = {
			isa = XCConfigurationList;
			buildConfigurations = (
				5F44DAFE7B69A8E8B4E22E29 /* Debug */,
				ECF9A2E1AE138BCD21218ECE /* Release */,
			);
			defaultConfigurationIsVisible = 0;
			defaultConfigurationName = Debug;
		};
		67D7344B6AC117B9FEE6AD2A /* Build configuration list for PBXNativeTarget "Journey" */ = {
			isa = XCConfigurationList;
			buildConfigurations = (
				CE6402CD8D4CA2AC52560106 /* Debug */,
				3732C084301ED685C7ABBCF8 /* Release */,
			);
			defaultConfigurationIsVisible = 0;
			defaultConfigurationName = Debug;
		};
		D9B9125B810E03CCCB016D0A /* Build configuration list for PBXProject "Journey" */ = {
			isa = XCConfigurationList;
			buildConfigurations = (
				6988960D6A3A7054057DE78C /* Debug */,
				B9E62FA1D6A9EA1312401A38 /* Release */,
			);
			defaultConfigurationIsVisible = 0;
			defaultConfigurationName = Debug;
		};
/* End XCConfigurationList section */
	};
	rootObject = 5ADC3CCCE84D6C10A8869EC3 /* Project object */;
}
